
Microsoft Visual Studio Solution File, Format Version 12.00
# Visual Studio Version 17
VisualStudioVersion = 17.7.34221.43
MinimumVisualStudioVersion = 10.0.40219.1
Project("{FAE04EC0-301F-11D3-BF4B-00C04F79EFBC}") = "ReflectionInCSharp", "ReflectionInC#\ReflectionInCSharp.csproj", "{BD943C0A-0420-4061-9DD6-6F3D90045691}"
EndProject
Global
	GlobalSection(SolutionConfigurationPlatforms) = preSolution
		Debug|Any CPU = Debug|Any CPU
		Release|Any CPU = Release|Any CPU
	EndGlobalSection
	GlobalSection(ProjectConfigurationPlatforms) = postSolution
		{BD943C0A-0420-4061-9DD6-6F3D90045691}.Debug|Any CPU.ActiveCfg = Debug|Any CPU
		{BD943C0A-0420-4061-9DD6-6F3D90045691}.Debug|Any CPU.Build.0 = Debug|Any CPU
		{BD943C0A-0420-4061-9DD6-6F3D90045691}.Release|Any CPU.ActiveCfg = Release|Any CPU
		{BD943C0A-0420-4061-9DD6-6F3D90045691}.Release|Any CPU.Build.0 = Release|Any CPU
	EndGlobalSection
	GlobalSection(SolutionProperties) = preSolution
		HideSolutionNode = FALSE
	EndGlobalSection
	GlobalSection(ExtensibilityGlobals) = postSolution
		SolutionGuid = {BB267F2A-16B0-49B0-9A22-B1E3BE2EC818}
	EndGlobalSection
EndGlobal
